// !$*UTF8*$!
{
	archiveVersion = 1;
	classes = {
	};
	objectVersion = 56;
	objects = {

/* Begin PBXBuildFile section */
		8B9B488728EEFE81003930C5 /* AppDelegate.swift in Sources */ = {isa = PBXBuildFile; fileRef = 8B9B488628EEFE81003930C5 /* AppDelegate.swift */; };
		8B9B488928EEFE81003930C5 /* SceneDelegate.swift in Sources */ = {isa = PBXBuildFile; fileRef = 8B9B488828EEFE81003930C5 /* SceneDelegate.swift */; };
		8B9B488B28EEFE81003930C5 /* ViewController.swift in Sources */ = {isa = PBXBuildFile; fileRef = 8B9B488A28EEFE81003930C5 /* ViewController.swift */; };
		8B9B488E28EEFE81003930C5 /* Main.storyboard in Resources */ = {isa = PBXBuildFile; fileRef = 8B9B488C28EEFE81003930C5 /* Main.storyboard */; };
		8B9B489128EEFE81003930C5 /* TestApp.xcdatamodeld in Sources */ = {isa = PBXBuildFile; fileRef = 8B9B488F28EEFE81003930C5 /* TestApp.xcdatamodeld */; };
		8B9B489328EEFE82003930C5 /* Assets.xcassets in Resources */ = {isa = PBXBuildFile; fileRef = 8B9B489228EEFE82003930C5 /* Assets.xcassets */; };
		8B9B489628EEFE82003930C5 /* LaunchScreen.storyboard in Resources */ = {isa = PBXBuildFile; fileRef = 8B9B489428EEFE82003930C5 /* LaunchScreen.storyboard */; };
		8B9B48A128EEFE82003930C5 /* TestAppTests.swift in Sources */ = {isa = PBXBuildFile; fileRef = 8B9B48A028EEFE82003930C5 /* TestAppTests.swift */; };
		8B9B48AB28EEFE82003930C5 /* TestAppUITests.swift in Sources */ = {isa = PBXBuildFile; fileRef = 8B9B48AA28EEFE82003930C5 /* TestAppUITests.swift */; };
		8B9B48AD28EEFE82003930C5 /* TestAppUITestsLaunchTests.swift in Sources */ = {isa = PBXBuildFile; fileRef = 8B9B48AC28EEFE82003930C5 /* TestAppUITestsLaunchTests.swift */; };
/* End PBXBuildFile section */

/* Begin PBXContainerItemProxy section */
		8B9B489D28EEFE82003930C5 /* PBXContainerItemProxy */ = {
			isa = PBXContainerItemProxy;
			containerPortal = 8B9B487B28EEFE81003930C5 /* Project object */;
			proxyType = 1;
			remoteGlobalIDString = 8B9B488228EEFE81003930C5;
			remoteInfo = TestApp;
		};
		8B9B48A728EEFE82003930C5 /* PBXContainerItemProxy */ = {
			isa = PBXContainerItemProxy;
			containerPortal = 8B9B487B28EEFE81003930C5 /* Project object */;
			proxyType = 1;
			remoteGlobalIDString = 8B9B488228EEFE81003930C5;
			remoteInfo = TestApp;
		};
/* End PBXContainerItemProxy section */

/* Begin PBXFileReference section */
		8B9B488328EEFE81003930C5 /* TestApp.app */ = {isa = PBXFileReference; explicitFileType = wrapper.application; includeInIndex = 0; path = TestApp.app; sourceTree = BUILT_PRODUCTS_DIR; };
		8B9B488628EEFE81003930C5 /* AppDelegate.swift */ = {isa = PBXFileReference; lastKnownFileType = sourcecode.swift; path = AppDelegate.swift; sourceTree = "<group>"; };
		8B9B488828EEFE81003930C5 /* SceneDelegate.swift */ = {isa = PBXFileReference; lastKnownFileType = sourcecode.swift; path = SceneDelegate.swift; sourceTree = "<group>"; };
		8B9B488A28EEFE81003930C5 /* ViewController.swift */ = {isa = PBXFileReference; lastKnownFileType = sourcecode.swift; path = ViewController.swift; sourceTree = "<group>"; };
		8B9B488D28EEFE81003930C5 /* Base */ = {isa = PBXFileReference; lastKnownFileType = file.storyboard; name = Base; path = Base.lproj/Main.storyboard; sourceTree = "<group>"; };
		8B9B489028EEFE81003930C5 /* TestApp.xcdatamodel */ = {isa = PBXFileReference; lastKnownFileType = wrapper.xcdatamodel; path = TestApp.xcdatamodel; sourceTree = "<group>"; };
		8B9B489228EEFE82003930C5 /* Assets.xcassets */ = {isa = PBXFileReference; lastKnownFileType = folder.assetcatalog; path = Assets.xcassets; sourceTree = "<group>"; };
		8B9B489528EEFE82003930C5 /* Base */ = {isa = PBXFileReference; lastKnownFileType = file.storyboard; name = Base; path = Base.lproj/LaunchScreen.storyboard; sourceTree = "<group>"; };
		8B9B489728EEFE82003930C5 /* Info.plist */ = {isa = PBXFileReference; lastKnownFileType = text.plist.xml; path = Info.plist; sourceTree = "<group>"; };
		8B9B489C28EEFE82003930C5 /* TestAppTests.xctest */ = {isa = PBXFileReference; explicitFileType = wrapper.cfbundle; includeInIndex = 0; path = TestAppTests.xctest; sourceTree = BUILT_PRODUCTS_DIR; };
		8B9B48A028EEFE82003930C5 /* TestAppTests.swift */ = {isa = PBXFileReference; lastKnownFileType = sourcecode.swift; path = TestAppTests.swift; sourceTree = "<group>"; };
		8B9B48A628EEFE82003930C5 /* TestAppUITests.xctest */ = {isa = PBXFileReference; explicitFileType = wrapper.cfbundle; includeInIndex = 0; path = TestAppUITests.xctest; sourceTree = BUILT_PRODUCTS_DIR; };
		8B9B48AA28EEFE82003930C5 /* TestAppUITests.swift */ = {isa = PBXFileReference; lastKnownFileType = sourcecode.swift; path = TestAppUITests.swift; sourceTree = "<group>"; };
		8B9B48AC28EEFE82003930C5 /* TestAppUITestsLaunchTests.swift */ = {isa = PBXFileReference; lastKnownFileType = sourcecode.swift; path = TestAppUITestsLaunchTests.swift; sourceTree = "<group>"; };
/* End PBXFileReference section */

/* Begin PBXFrameworksBuildPhase section */
		8B9B488028EEFE81003930C5 /* Frameworks */ = {
			isa = PBXFrameworksBuildPhase;
			buildActionMask = 2147483647;
			files = (
			);
			runOnlyForDeploymentPostprocessing = 0;
		};
		8B9B489928EEFE82003930C5 /* Frameworks */ = {
			isa = PBXFrameworksBuildPhase;
			buildActionMask = 2147483647;
			files = (
			);
			runOnlyForDeploymentPostprocessing = 0;
		};
		8B9B48A328EEFE82003930C5 /* Frameworks */ = {
			isa = PBXFrameworksBuildPhase;
			buildActionMask = 2147483647;
			files = (
			);
			runOnlyForDeploymentPostprocessing = 0;
		};
/* End PBXFrameworksBuildPhase section */

/* Begin PBXGroup section */
		8B9B487A28EEFE81003930C5 = {
			isa = PBXGroup;
			children = (
				8B9B488528EEFE81003930C5 /* TestApp */,
				8B9B489F28EEFE82003930C5 /* TestAppTests */,
				8B9B48A928EEFE82003930C5 /* TestAppUITests */,
				8B9B488428EEFE81003930C5 /* Products */,
			);
			sourceTree = "<group>";
		};
		8B9B488428EEFE81003930C5 /* Products */ = {
			isa = PBXGroup;
			children = (
				8B9B488328EEFE81003930C5 /* TestApp.app */,
				8B9B489C28EEFE82003930C5 /* TestAppTests.xctest */,
				8B9B48A628EEFE82003930C5 /* TestAppUITests.xctest */,
			);
			name = Products;
			sourceTree = "<group>";
		};
		8B9B488528EEFE81003930C5 /* TestApp */ = {
			isa = PBXGroup;
			children = (
				8B9B488628EEFE81003930C5 /* AppDelegate.swift */,
				8B9B488828EEFE81003930C5 /* SceneDelegate.swift */,
				8B9B488A28EEFE81003930C5 /* ViewController.swift */,
				8B9B488C28EEFE81003930C5 /* Main.storyboard */,
				8B9B489228EEFE82003930C5 /* Assets.xcassets */,
				8B9B489428EEFE82003930C5 /* LaunchScreen.storyboard */,
				8B9B489728EEFE82003930C5 /* Info.plist */,
				8B9B488F28EEFE81003930C5 /* TestApp.xcdatamodeld */,
			);
			path = TestApp;
			sourceTree = "<group>";
		};
		8B9B489F28EEFE82003930C5 /* TestAppTests */ = {
			isa = PBXGroup;
			children = (
				8B9B48A028EEFE82003930C5 /* TestAppTests.swift */,
			);
			path = TestAppTests;
			sourceTree = "<group>";
		};
		8B9B48A928EEFE82003930C5 /* TestAppUITests */ = {
			isa = PBXGroup;
			children = (
				8B9B48AA28EEFE82003930C5 /* TestAppUITests.swift */,
				8B9B48AC28EEFE82003930C5 /* TestAppUITestsLaunchTests.swift */,
			);
			path = TestAppUITests;
			sourceTree = "<group>";
		};
/* End PBXGroup section */

/* Begin PBXNativeTarget section */
		8B9B488228EEFE81003930C5 /* TestApp */ = {
			isa = PBXNativeTarget;
			buildConfigurationList = 8B9B48B028EEFE82003930C5 /* Build configuration list for PBXNativeTarget "TestApp" */;
			buildPhases = (
				8B9B487F28EEFE81003930C5 /* Sources */,
				8B9B488028EEFE81003930C5 /* Frameworks */,
				8B9B488128EEFE81003930C5 /* Resources */,
			);
			buildRules = (
			);
			dependencies = (
			);
			name = TestApp;
			productName = TestApp;
			productReference = 8B9B488328EEFE81003930C5 /* TestApp.app */;
			productType = "com.apple.product-type.application";
		};
		8B9B489B28EEFE82003930C5 /* TestAppTests */ = {
			isa = PBXNativeTarget;
			buildConfigurationList = 8B9B48B328EEFE82003930C5 /* Build configuration list for PBXNativeTarget "TestAppTests" */;
			buildPhases = (
				8B9B489828EEFE82003930C5 /* Sources */,
				8B9B489928EEFE82003930C5 /* Frameworks */,
				8B9B489A28EEFE82003930C5 /* Resources */,
			);
			buildRules = (
			);
			dependencies = (
				8B9B489E28EEFE82003930C5 /* PBXTargetDependency */,
			);
			name = TestAppTests;
			productName = TestAppTests;
			productReference = 8B9B489C28EEFE82003930C5 /* TestAppTests.xctest */;
			productType = "com.apple.product-type.bundle.unit-test";
		};
		8B9B48A528EEFE82003930C5 /* TestAppUITests */ = {
			isa = PBXNativeTarget;
			buildConfigurationList = 8B9B48B628EEFE82003930C5 /* Build configuration list for PBXNativeTarget "TestAppUITests" */;
			buildPhases = (
				8B9B48A228EEFE82003930C5 /* Sources */,
				8B9B48A328EEFE82003930C5 /* Frameworks */,
				8B9B48A428EEFE82003930C5 /* Resources */,
			);
			buildRules = (
			);
			dependencies = (
				8B9B48A828EEFE82003930C5 /* PBXTargetDependency */,
			);
			name = TestAppUITests;
			productName = TestAppUITests;
			productReference = 8B9B48A628EEFE82003930C5 /* TestAppUITests.xctest */;
			productType = "com.apple.product-type.bundle.ui-testing";
		};
/* End PBXNativeTarget section */

/* Begin PBXProject section */
		8B9B487B28EEFE81003930C5 /* Project object */ = {
			isa = PBXProject;
			attributes = {
				BuildIndependentTargetsInParallel = 1;
				LastSwiftUpdateCheck = 1400;
				LastUpgradeCheck = 1400;
				TargetAttributes = {
					8B9B488228EEFE81003930C5 = {
						CreatedOnToolsVersion = 14.0.1;
					};
					8B9B489B28EEFE82003930C5 = {
						CreatedOnToolsVersion = 14.0.1;
						TestTargetID = 8B9B488228EEFE81003930C5;
					};
					8B9B48A528EEFE82003930C5 = {
						CreatedOnToolsVersion = 14.0.1;
						TestTargetID = 8B9B488228EEFE81003930C5;
					};
				};
			};
			buildConfigurationList = 8B9B487E28EEFE81003930C5 /* Build configuration list for PBXProject "TestApp" */;
			compatibilityVersion = "Xcode 14.0";
			developmentRegion = en;
			hasScannedForEncodings = 0;
			knownRegions = (
				en,
				Base,
			);
			mainGroup = 8B9B487A28EEFE81003930C5;
			productRefGroup = 8B9B488428EEFE81003930C5 /* Products */;
			projectDirPath = "";
			projectRoot = "";
			targets = (
				8B9B488228EEFE81003930C5 /* TestApp */,
				8B9B489B28EEFE82003930C5 /* TestAppTests */,
				8B9B48A528EEFE82003930C5 /* TestAppUITests */,
			);
		};
/* End PBXProject section */

/* Begin PBXResourcesBuildPhase section */
		8B9B488128EEFE81003930C5 /* Resources */ = {
			isa = PBXResourcesBuildPhase;
			buildActionMask = 2147483647;
			files = (
				8B9B489628EEFE82003930C5 /* LaunchScreen.storyboard in Resources */,
				8B9B489328EEFE82003930C5 /* Assets.xcassets in Resources */,
				8B9B488E28EEFE81003930C5 /* Main.storyboard in Resources */,
			);
			runOnlyForDeploymentPostprocessing = 0;
		};
		8B9B489A28EEFE82003930C5 /* Resources */ = {
			isa = PBXResourcesBuildPhase;
			buildActionMask = 2147483647;
			files = (
			);
			runOnlyForDeploymentPostprocessing = 0;
		};
		8B9B48A428EEFE82003930C5 /* Resources */ = {
			isa = PBXResourcesBuildPhase;
			buildActionMask = 2147483647;
			files = (
			);
			runOnlyForDeploymentPostprocessing = 0;
		};
/* End PBXResourcesBuildPhase section */

/* Begin PBXSourcesBuildPhase section */
		8B9B487F28EEFE81003930C5 /* Sources */ = {
			isa = PBXSourcesBuildPhase;
			buildActionMask = 2147483647;
			files = (
				8B9B488B28EEFE81003930C5 /* ViewController.swift in Sources */,
				8B9B489128EEFE81003930C5 /* TestApp.xcdatamodeld in Sources */,
				8B9B488728EEFE81003930C5 /* AppDelegate.swift in Sources */,
				8B9B488928EEFE81003930C5 /* SceneDelegate.swift in Sources */,
			);
			runOnlyForDeploymentPostprocessing = 0;
		};
		8B9B489828EEFE82003930C5 /* Sources */ = {
			isa = PBXSourcesBuildPhase;
			buildActionMask = 2147483647;
			files = (
				8B9B48A128EEFE82003930C5 /* TestAppTests.swift in Sources */,
			);
			runOnlyForDeploymentPostprocessing = 0;
		};
		8B9B48A228EEFE82003930C5 /* Sources */ = {
			isa = PBXSourcesBuildPhase;
			buildActionMask = 2147483647;
			files = (
				8B9B48AD28EEFE82003930C5 /* TestAppUITestsLaunchTests.swift in Sources */,
				8B9B48AB28EEFE82003930C5 /* TestAppUITests.swift in Sources */,
			);
			runOnlyForDeploymentPostprocessing = 0;
		};
/* End PBXSourcesBuildPhase section */

/* Begin PBXTargetDependency section */
		8B9B489E28EEFE82003930C5 /* PBXTargetDependency */ = {
			isa = PBXTargetDependency;
			target = 8B9B488228EEFE81003930C5 /* TestApp */;
			targetProxy = 8B9B489D28EEFE82003930C5 /* PBXContainerItemProxy */;
		};
		8B9B48A828EEFE82003930C5 /* PBXTargetDependency */ = {
			isa = PBXTargetDependency;
			target = 8B9B488228EEFE81003930C5 /* TestApp */;
			targetProxy = 8B9B48A728EEFE82003930C5 /* PBXContainerItemProxy */;
		};
/* End PBXTargetDependency section */

/* Begin PBXVariantGroup section */
		8B9B488C28EEFE81003930C5 /* Main.storyboard */ = {
			isa = PBXVariantGroup;
			children = (
				8B9B488D28EEFE81003930C5 /* Base */,
			);
			name = Main.storyboard;
			sourceTree = "<group>";
		};
		8B9B489428EEFE82003930C5 /* LaunchScreen.storyboard */ = {
			isa = PBXVariantGroup;
			children = (
				8B9B489528EEFE82003930C5 /* Base */,
			);
			name = LaunchScreen.storyboard;
			sourceTree = "<group>";
		};
/* End PBXVariantGroup section */

/* Begin XCBuildConfiguration section */
		8B9B48AE28EEFE82003930C5 /* Debug */ = {
			isa = XCBuildConfiguration;
			buildSettings = {
				ALWAYS_SEARCH_USER_PATHS = NO;
				CLANG_ANALYZER_NONNULL = YES;
				CLANG_ANALYZER_NUMBER_OBJECT_CONVERSION = YES_AGGRESSIVE;
				CLANG_CXX_LANGUAGE_STANDARD = "gnu++20";
				CLANG_ENABLE_MODULES = YES;
				CLANG_ENABLE_OBJC_ARC = YES;
				CLANG_ENABLE_OBJC_WEAK = YES;
				CLANG_WARN_BLOCK_CAPTURE_AUTORELEASING = YES;
				CLANG_WARN_BOOL_CONVERSION = YES;
				CLANG_WARN_COMMA = YES;
				CLANG_WARN_CONSTANT_CONVERSION = YES;
				CLANG_WARN_DEPRECATED_OBJC_IMPLEMENTATIONS = YES;
				CLANG_WARN_DIRECT_OBJC_ISA_USAGE = YES_ERROR;
				CLANG_WARN_DOCUMENTATION_COMMENTS = YES;
				CLANG_WARN_EMPTY_BODY = YES;
				CLANG_WARN_ENUM_CONVERSION = YES;
				CLANG_WARN_INFINITE_RECURSION = YES;
				CLANG_WARN_INT_CONVERSION = YES;
				CLANG_WARN_NON_LITERAL_NULL_CONVERSION = YES;
				CLANG_WARN_OBJC_IMPLICIT_RETAIN_SELF = YES;
				CLANG_WARN_OBJC_LITERAL_CONVERSION = YES;
				CLANG_WARN_OBJC_ROOT_CLASS = YES_ERROR;
				CLANG_WARN_QUOTED_INCLUDE_IN_FRAMEWORK_HEADER = YES;
				CLANG_WARN_RANGE_LOOP_ANALYSIS = YES;
				CLANG_WARN_STRICT_PROTOTYPES = YES;
				CLANG_WARN_SUSPICIOUS_MOVE = YES;
				CLANG_WARN_UNGUARDED_AVAILABILITY = YES_AGGRESSIVE;
				CLANG_WARN_UNREACHABLE_CODE = YES;
				CLANG_WARN__DUPLICATE_METHOD_MATCH = YES;
				COPY_PHASE_STRIP = NO;
				DEBUG_INFORMATION_FORMAT = dwarf;
				ENABLE_STRICT_OBJC_MSGSEND = YES;
				ENABLE_TESTABILITY = YES;
				GCC_C_LANGUAGE_STANDARD = gnu11;
				GCC_DYNAMIC_NO_PIC = NO;
				GCC_NO_COMMON_BLOCKS = YES;
				GCC_OPTIMIZATION_LEVEL = 0;
				GCC_PREPROCESSOR_DEFINITIONS = (
					"DEBUG=1",
					"$(inherited)",
				);
				GCC_WARN_64_TO_32_BIT_CONVERSION = YES;
				GCC_WARN_ABOUT_RETURN_TYPE = YES_ERROR;
				GCC_WARN_UNDECLARED_SELECTOR = YES;
				GCC_WARN_UNINITIALIZED_AUTOS = YES_AGGRESSIVE;
				GCC_WARN_UNUSED_FUNCTION = YES;
				GCC_WARN_UNUSED_VARIABLE = YES;
				IPHONEOS_DEPLOYMENT_TARGET = 16.0;
				MTL_ENABLE_DEBUG_INFO = INCLUDE_SOURCE;
				MTL_FAST_MATH = YES;
				ONLY_ACTIVE_ARCH = YES;
				SDKROOT = iphoneos;
				SWIFT_ACTIVE_COMPILATION_CONDITIONS = DEBUG;
				SWIFT_OPTIMIZATION_LEVEL = "-Onone";
			};
			name = Debug;
		};
		8B9B48AF28EEFE82003930C5 /* Release */ = {
			isa = XCBuildConfiguration;
			buildSettings = {
				ALWAYS_SEARCH_USER_PATHS = NO;
				CLANG_ANALYZER_NONNULL = YES;
				CLANG_ANALYZER_NUMBER_OBJECT_CONVERSION = YES_AGGRESSIVE;
				CLANG_CXX_LANGUAGE_STANDARD = "gnu++20";
				CLANG_ENABLE_MODULES = YES;
				CLANG_ENABLE_OBJC_ARC = YES;
				CLANG_ENABLE_OBJC_WEAK = YES;
				CLANG_WARN_BLOCK_CAPTURE_AUTORELEASING = YES;
				CLANG_WARN_BOOL_CONVERSION = YES;
				CLANG_WARN_COMMA = YES;
				CLANG_WARN_CONSTANT_CONVERSION = YES;
				CLANG_WARN_DEPRECATED_OBJC_IMPLEMENTATIONS = YES;
				CLANG_WARN_DIRECT_OBJC_ISA_USAGE = YES_ERROR;
				CLANG_WARN_DOCUMENTATION_COMMENTS = YES;
				CLANG_WARN_EMPTY_BODY = YES;
				CLANG_WARN_ENUM_CONVERSION = YES;
				CLANG_WARN_INFINITE_RECURSION = YES;
				CLANG_WARN_INT_CONVERSION = YES;
				CLANG_WARN_NON_LITERAL_NULL_CONVERSION = YES;
				CLANG_WARN_OBJC_IMPLICIT_RETAIN_SELF = YES;
				CLANG_WARN_OBJC_LITERAL_CONVERSION = YES;
				CLANG_WARN_OBJC_ROOT_CLASS = YES_ERROR;
				CLANG_WARN_QUOTED_INCLUDE_IN_FRAMEWORK_HEADER = YES;
				CLANG_WARN_RANGE_LOOP_ANALYSIS = YES;
				CLANG_WARN_STRICT_PROTOTYPES = YES;
				CLANG_WARN_SUSPICIOUS_MOVE = YES;
				CLANG_WARN_UNGUARDED_AVAILABILITY = YES_AGGRESSIVE;
				CLANG_WARN_UNREACHABLE_CODE = YES;
				CLANG_WARN__DUPLICATE_METHOD_MATCH = YES;
				COPY_PHASE_STRIP = NO;
				DEBUG_INFORMATION_FORMAT = "dwarf-with-dsym";
				ENABLE_NS_ASSERTIONS = NO;
				ENABLE_STRICT_OBJC_MSGSEND = YES;
				GCC_C_LANGUAGE_STANDARD = gnu11;
				GCC_NO_COMMON_BLOCKS = YES;
				GCC_WARN_64_TO_32_BIT_CONVERSION = YES;
				GCC_WARN_ABOUT_RETURN_TYPE = YES_ERROR;
				GCC_WARN_UNDECLARED_SELECTOR = YES;
				GCC_WARN_UNINITIALIZED_AUTOS = YES_AGGRESSIVE;
				GCC_WARN_UNUSED_FUNCTION = YES;
				GCC_WARN_UNUSED_VARIABLE = YES;
				IPHONEOS_DEPLOYMENT_TARGET = 16.0;
				MTL_ENABLE_DEBUG_INFO = NO;
				MTL_FAST_MATH = YES;
				SDKROOT = iphoneos;
				SWIFT_COMPILATION_MODE = wholemodule;
				SWIFT_OPTIMIZATION_LEVEL = "-O";
				VALIDATE_PRODUCT = YES;
			};
			name = Release;
		};
		8B9B48B128EEFE82003930C5 /* Debug */ = {
			isa = XCBuildConfiguration;
			buildSettings = {
				ASSETCATALOG_COMPILER_APPICON_NAME = AppIcon;
				ASSETCATALOG_COMPILER_GLOBAL_ACCENT_COLOR_NAME = AccentColor;
				CODE_SIGN_STYLE = Automatic;
				CURRENT_PROJECT_VERSION = 1;
				GENERATE_INFOPLIST_FILE = YES;
				INFOPLIST_FILE = TestApp/Info.plist;
				INFOPLIST_KEY_UIApplicationSupportsIndirectInputEvents = YES;
				INFOPLIST_KEY_UILaunchStoryboardName = LaunchScreen;
				INFOPLIST_KEY_UIMainStoryboardFile = Main;
				INFOPLIST_KEY_UISupportedInterfaceOrientations_iPad = "UIInterfaceOrientationPortrait UIInterfaceOrientationPortraitUpsideDown UIInterfaceOrientationLandscapeLeft UIInterfaceOrientationLandscapeRight";
				INFOPLIST_KEY_UISupportedInterfaceOrientations_iPhone = "UIInterfaceOrientationPortrait UIInterfaceOrientationLandscapeLeft UIInterfaceOrientationLandscapeRight";
				LD_RUNPATH_SEARCH_PATHS = (
					"$(inherited)",
					"@executable_path/Frameworks",
				);
				MARKETING_VERSION = 1.0;
				PRODUCT_BUNDLE_IDENTIFIER = com.kokusan.TestApp;
				PRODUCT_NAME = "$(TARGET_NAME)";
				SWIFT_EMIT_LOC_STRINGS = YES;
				SWIFT_VERSION = 5.0;
				TARGETED_DEVICE_FAMILY = "1,2";
			};
			name = Debug;
		};
		8B9B48B228EEFE82003930C5 /* Release */ = {
			isa = XCBuildConfiguration;
			buildSettings = {
				ASSETCATALOG_COMPILER_APPICON_NAME = AppIcon;
				ASSETCATALOG_COMPILER_GLOBAL_ACCENT_COLOR_NAME = AccentColor;
				CODE_SIGN_STYLE = Automatic;
				CURRENT_PROJECT_VERSION = 1;
				GENERATE_INFOPLIST_FILE = YES;
				INFOPLIST_FILE = TestApp/Info.plist;
				INFOPLIST_KEY_UIApplicationSupportsIndirectInputEvents = YES;
				INFOPLIST_KEY_UILaunchStoryboardName = LaunchScreen;
				INFOPLIST_KEY_UIMainStoryboardFile = Main;
				INFOPLIST_KEY_UISupportedInterfaceOrientations_iPad = "UIInterfaceOrientationPortrait UIInterfaceOrientationPortraitUpsideDown UIInterfaceOrientationLandscapeLeft UIInterfaceOrientationLandscapeRight";
				INFOPLIST_KEY_UISupportedInterfaceOrientations_iPhone = "UIInterfaceOrientationPortrait UIInterfaceOrientationLandscapeLeft UIInterfaceOrientationLandscapeRight";
				LD_RUNPATH_SEARCH_PATHS = (
					"$(inherited)",
					"@executable_path/Frameworks",
				);
				MARKETING_VERSION = 1.0;
				PRODUCT_BUNDLE_IDENTIFIER = com.kokusan.TestApp;
				PRODUCT_NAME = "$(TARGET_NAME)";
				SWIFT_EMIT_LOC_STRINGS = YES;
				SWIFT_VERSION = 5.0;
				TARGETED_DEVICE_FAMILY = "1,2";
			};
			name = Release;
		};
		8B9B48B428EEFE82003930C5 /* Debug */ = {
			isa = XCBuildConfiguration;
			buildSettings = {
				ALWAYS_EMBED_SWIFT_STANDARD_LIBRARIES = YES;
				BUNDLE_LOADER = "$(TEST_HOST)";
				CODE_SIGN_STYLE = Automatic;
				CURRENT_PROJECT_VERSION = 1;
				GENERATE_INFOPLIST_FILE = YES;
				IPHONEOS_DEPLOYMENT_TARGET = 16.0;
				MARKETING_VERSION = 1.0;
				PRODUCT_BUNDLE_IDENTIFIER = com.kokusan.TestAppTests;
				PRODUCT_NAME = "$(TARGET_NAME)";
				SWIFT_EMIT_LOC_STRINGS = NO;
				SWIFT_VERSION = 5.0;
				TARGETED_DEVICE_FAMILY = "1,2";
				TEST_HOST = "$(BUILT_PRODUCTS_DIR)/TestApp.app/$(BUNDLE_EXECUTABLE_FOLDER_PATH)/TestApp";
			};
			name = Debug;
		};
		8B9B48B528EEFE82003930C5 /* Release */ = {
			isa = XCBuildConfiguration;
			buildSettings = {
				ALWAYS_EMBED_SWIFT_STANDARD_LIBRARIES = YES;
				BUNDLE_LOADER = "$(TEST_HOST)";
				CODE_SIGN_STYLE = Automatic;
				CURRENT_PROJECT_VERSION = 1;
				GENERATE_INFOPLIST_FILE = YES;
				IPHONEOS_DEPLOYMENT_TARGET = 16.0;
				MARKETING_VERSION = 1.0;
				PRODUCT_BUNDLE_IDENTIFIER = com.kokusan.TestAppTests;
				PRODUCT_NAME = "$(TARGET_NAME)";
				SWIFT_EMIT_LOC_STRINGS = NO;
				SWIFT_VERSION = 5.0;
				TARGETED_DEVICE_FAMILY = "1,2";
				TEST_HOST = "$(BUILT_PRODUCTS_DIR)/TestApp.app/$(BUNDLE_EXECUTABLE_FOLDER_PATH)/TestApp";
			};
			name = Release;
		};
		8B9B48B728EEFE82003930C5 /* Debug */ = {
			isa = XCBuildConfiguration;
			buildSettings = {
				ALWAYS_EMBED_SWIFT_STANDARD_LIBRARIES = YES;
				CODE_SIGN_STYLE = Automatic;
				CURRENT_PROJECT_VERSION = 1;
				GENERATE_INFOPLIST_FILE = YES;
				MARKETING_VERSION = 1.0;
				PRODUCT_BUNDLE_IDENTIFIER = com.kokusan.TestAppUITests;
				PRODUCT_NAME = "$(TARGET_NAME)";
				SWIFT_EMIT_LOC_STRINGS = NO;
				SWIFT_VERSION = 5.0;
				TARGETED_DEVICE_FAMILY = "1,2";
				TEST_TARGET_NAME = TestApp;
			};
			name = Debug;
		};
		8B9B48B828EEFE82003930C5 /* Release */ = {
			isa = XCBuildConfiguration;
			buildSettings = {
				ALWAYS_EMBED_SWIFT_STANDARD_LIBRARIES = YES;
				CODE_SIGN_STYLE = Automatic;
				CURRENT_PROJECT_VERSION = 1;
				GENERATE_INFOPLIST_FILE = YES;
				MARKETING_VERSION = 1.0;
				PRODUCT_BUNDLE_IDENTIFIER = com.kokusan.TestAppUITests;
				PRODUCT_NAME = "$(TARGET_NAME)";
				SWIFT_EMIT_LOC_STRINGS = NO;
				SWIFT_VERSION = 5.0;
				TARGETED_DEVICE_FAMILY = "1,2";
				TEST_TARGET_NAME = TestApp;
			};
			name = Release;
		};
/* End XCBuildConfiguration section */

/* Begin XCConfigurationList section */
		8B9B487E28EEFE81003930C5 /* Build configuration list for PBXProject "TestApp" */ = {
			isa = XCConfigurationList;
			buildConfigurations = (
				8B9B48AE28EEFE82003930C5 /* Debug */,
				8B9B48AF28EEFE82003930C5 /* Release */,
			);
			defaultConfigurationIsVisible = 0;
			defaultConfigurationName = Release;
		};
		8B9B48B028EEFE82003930C5 /* Build configuration list for PBXNativeTarget "TestApp" */ = {
			isa = XCConfigurationList;
			buildConfigurations = (
				8B9B48B128EEFE82003930C5 /* Debug */,
				8B9B48B228EEFE82003930C5 /* Release */,
			);
			defaultConfigurationIsVisible = 0;
			defaultConfigurationName = Release;
		};
		8B9B48B328EEFE82003930C5 /* Build configuration list for PBXNativeTarget "TestAppTests" */ = {
			isa = XCConfigurationList;
			buildConfigurations = (
				8B9B48B428EEFE82003930C5 /* Debug */,
				8B9B48B528EEFE82003930C5 /* Release */,
			);
			defaultConfigurationIsVisible = 0;
			defaultConfigurationName = Release;
		};
		8B9B48B628EEFE82003930C5 /* Build configuration list for PBXNativeTarget "TestAppUITests" */ = {
			isa = XCConfigurationList;
			buildConfigurations = (
				8B9B48B728EEFE82003930C5 /* Debug */,
				8B9B48B828EEFE82003930C5 /* Release */,
			);
			defaultConfigurationIsVisible = 0;
			defaultConfigurationName = Release;
		};
/* End XCConfigurationList section */

/* Begin XCVersionGroup section */
		8B9B488F28EEFE81003930C5 /* TestApp.xcdatamodeld */ = {
			isa = XCVersionGroup;
			children = (
				8B9B489028EEFE81003930C5 /* TestApp.xcdatamodel */,
			);
			currentVersion = 8B9B489028EEFE81003930C5 /* TestApp.xcdatamodel */;
			path = TestApp.xcdatamodeld;
			sourceTree = "<group>";
			versionGroupType = wrapper.xcdatamodel;
		};
/* End XCVersionGroup section */
	};
	rootObject = 8B9B487B28EEFE81003930C5 /* Project object */;
}
